
Microsoft Visual Studio Solution File, Format Version 12.00
# Visual Studio Version 16
VisualStudioVersion = 16.0.29318.209
MinimumVisualStudioVersion = 10.0.40219.1
Project("{2150E333-8FDC-42A3-9474-1A3956D46DE8}") = "API", "API", "{62A32AB5-CD44-4B8B-9E66-FCCB92945B52}"
	ProjectSection(SolutionItems) = preProject
		API\DllExporter.exe = API\DllExporter.exe
		API\RainmeterAPI.cs = API\RainmeterAPI.cs
		API\RainmeterAPI.h = API\RainmeterAPI.h
	EndProjectSection
EndProject
Project("{FAE04EC0-301F-11D3-BF4B-00C04F79EFBC}") = "MqttClientPlugin", "MqttClientPlugin\MqttClientPlugin.csproj", "{3699FA4F-5247-432A-B6C1-65F325EE58B9}"
EndProject
Global
	GlobalSection(SolutionConfigurationPlatforms) = preSolution
		Debug|x64 = Debug|x64
		Debug|x86 = Debug|x86
		Release|x64 = Release|x64
		Release|x86 = Release|x86
	EndGlobalSection
	GlobalSection(ProjectConfigurationPlatforms) = postSolution
		{3699FA4F-5247-432A-B6C1-65F325EE58B9}.Debug|x64.ActiveCfg = Debug|x64
		{3699FA4F-5247-432A-B6C1-65F325EE58B9}.Debug|x64.Build.0 = Debug|x64
		{3699FA4F-5247-432A-B6C1-65F325EE58B9}.Debug|x86.ActiveCfg = Debug|x86
		{3699FA4F-5247-432A-B6C1-65F325EE58B9}.Debug|x86.Build.0 = Debug|x86
		{3699FA4F-5247-432A-B6C1-65F325EE58B9}.Release|x64.ActiveCfg = Release|x64
		{3699FA4F-5247-432A-B6C1-65F325EE58B9}.Release|x64.Build.0 = Release|x64
		{3699FA4F-5247-432A-B6C1-65F325EE58B9}.Release|x86.ActiveCfg = Release|x86
		{3699FA4F-5247-432A-B6C1-65F325EE58B9}.Release|x86.Build.0 = Release|x86
	EndGlobalSection
	GlobalSection(SolutionProperties) = preSolution
		HideSolutionNode = FALSE
	EndGlobalSection
	GlobalSection(ExtensibilityGlobals) = postSolution
		SolutionGuid = {48E9F21C-49F5-471F-BF74-A4F996DB0E4B}
	EndGlobalSection
EndGlobal
